
Microsoft Visual Studio Solution File, Format Version 12.00
# Visual Studio Version 17
VisualStudioVersion = 17.9.34728.123
MinimumVisualStudioVersion = 10.0.40219.1
Project("{FAE04EC0-301F-11D3-BF4B-00C04F79EFBC}") = "MovieDatabaseApp", "MovieDatabaseApp.csproj", "{4E1C5530-51B0-400D-A496-1C706A13029F}"
EndProject
Global
	GlobalSection(SolutionConfigurationPlatforms) = preSolution
		Debug|Any CPU = Debug|Any CPU
		Release|Any CPU = Release|Any CPU
	EndGlobalSection
	GlobalSection(ProjectConfigurationPlatforms) = postSolution
		{4E1C5530-51B0-400D-A496-1C706A13029F}.Debug|Any CPU.ActiveCfg = Debug|Any CPU
		{4E1C5530-51B0-400D-A496-1C706A13029F}.Debug|Any CPU.Build.0 = Debug|Any CPU
		{4E1C5530-51B0-400D-A496-1C706A13029F}.Release|Any CPU.ActiveCfg = Release|Any CPU
		{4E1C5530-51B0-400D-A496-1C706A13029F}.Release|Any CPU.Build.0 = Release|Any CPU
	EndGlobalSection
	GlobalSection(SolutionProperties) = preSolution
		HideSolutionNode = FALSE
	EndGlobalSection
	GlobalSection(ExtensibilityGlobals) = postSolution
		SolutionGuid = {382F70C3-3FB7-4042-8004-6D2C4DF403F2}
	EndGlobalSection
EndGlobal
